
Microsoft Visual Studio Solution File, Format Version 12.00
Project("{2150E333-8FDC-42A3-9474-1A3956D46DE8}") = "src", "src", "{3B697EB0-9516-4027-BA39-D1C1BB60563D}"
EndProject
Project("{2150E333-8FDC-42A3-9474-1A3956D46DE8}") = "tests", "tests", "{6A6861C3-2BDF-4A46-AEB0-A1408251E965}"
EndProject
Project("{2150E333-8FDC-42A3-9474-1A3956D46DE8}") = "Bootstrapper", "Bootstrapper", "{0555BFEF-CBA3-4D11-B501-669FC29DB6A4}"
EndProject
Project("{2150E333-8FDC-42A3-9474-1A3956D46DE8}") = "Modules", "Modules", "{302E998B-C2F1-4648-8C36-6F8A125DA35B}"
EndProject
Project("{2150E333-8FDC-42A3-9474-1A3956D46DE8}") = "Shared", "Shared", "{30709B08-BE7E-427A-B3E3-ECD2290DF4F3}"
EndProject
Project("{FAE04EC0-301F-11D3-BF4B-00C04F79EFBC}") = "Fleet.Bootstrapper", "src\Bootstrapper\Fleet.Bootstrapper\Fleet.Bootstrapper.csproj", "{DFE792AB-6893-427D-9961-23A60B96E528}"
EndProject
Project("{FAE04EC0-301F-11D3-BF4B-00C04F79EFBC}") = "Fleet.Shared.Infrastructure", "src\Shared\Fleet.Shared.Infrastructure\Fleet.Shared.Infrastructure.csproj", "{82C269F2-568B-48F5-BB88-73606B78E908}"
EndProject
Project("{FAE04EC0-301F-11D3-BF4B-00C04F79EFBC}") = "Fleet.Shared.Abstractions", "src\Shared\Fleet.Shared.Abstractions\Fleet.Shared.Abstractions.csproj", "{907E0F07-0289-4D5B-8096-09D8AB00BE2B}"
EndProject
Project("{2150E333-8FDC-42A3-9474-1A3956D46DE8}") = "Solution Items", "Solution Items", "{B356D866-F2CD-43E7-BC22-7519940D3052}"
	ProjectSection(SolutionItems) = preProject
		docker-compose.yml = docker-compose.yml
	EndProjectSection
EndProject
Project("{2150E333-8FDC-42A3-9474-1A3956D46DE8}") = "Identity", "Identity", "{436FCFF2-5FF6-467E-A59A-1D5CBBC6E9F6}"
EndProject
Project("{FAE04EC0-301F-11D3-BF4B-00C04F79EFBC}") = "Fleet.Modules.Identity.Domain", "src\Modules\Identity\Fleet.Modules.Identity.Domain\Fleet.Modules.Identity.Domain.csproj", "{ADEDE9F9-8BEE-4067-9C0A-CB047C7E300D}"
EndProject
Project("{FAE04EC0-301F-11D3-BF4B-00C04F79EFBC}") = "Fleet.Modules.Identity.Api", "src\Modules\Identity\Fleet.Modules.Identity.Api\Fleet.Modules.Identity.Api.csproj", "{ED4E6B94-0497-4C8F-A6FE-FE52B553FF18}"
EndProject
Project("{FAE04EC0-301F-11D3-BF4B-00C04F79EFBC}") = "Fleet.Modules.Identity.Infrastructure", "src\Modules\Identity\Fleet.Modules.Identity.Infrastructure\Fleet.Modules.Identity.Infrastructure.csproj", "{7E0A7142-1D2B-4855-B091-571FE4EE98C8}"
EndProject
Project("{FAE04EC0-301F-11D3-BF4B-00C04F79EFBC}") = "Fleet.Modules.Identity.Application", "src\Modules\Identity\Fleet.Modules.Identity.Application\Fleet.Modules.Identity.Application.csproj", "{A3AA2229-DEBC-49B0-8338-B830B349C3D8}"
EndProject
Project("{FAE04EC0-301F-11D3-BF4B-00C04F79EFBC}") = "Fleet.Shared.Application", "src\Shared\Fleet.Shared.Application\Fleet.Shared.Application.csproj", "{CBEC8529-D12B-4A49-92B5-E072C4C58ED0}"
EndProject
Global
	GlobalSection(SolutionConfigurationPlatforms) = preSolution
		Debug|Any CPU = Debug|Any CPU
		Release|Any CPU = Release|Any CPU
	EndGlobalSection
	GlobalSection(NestedProjects) = preSolution
		{0555BFEF-CBA3-4D11-B501-669FC29DB6A4} = {3B697EB0-9516-4027-BA39-D1C1BB60563D}
		{302E998B-C2F1-4648-8C36-6F8A125DA35B} = {3B697EB0-9516-4027-BA39-D1C1BB60563D}
		{30709B08-BE7E-427A-B3E3-ECD2290DF4F3} = {3B697EB0-9516-4027-BA39-D1C1BB60563D}
		{DFE792AB-6893-427D-9961-23A60B96E528} = {0555BFEF-CBA3-4D11-B501-669FC29DB6A4}
		{82C269F2-568B-48F5-BB88-73606B78E908} = {30709B08-BE7E-427A-B3E3-ECD2290DF4F3}
		{907E0F07-0289-4D5B-8096-09D8AB00BE2B} = {30709B08-BE7E-427A-B3E3-ECD2290DF4F3}
		{436FCFF2-5FF6-467E-A59A-1D5CBBC6E9F6} = {302E998B-C2F1-4648-8C36-6F8A125DA35B}
		{ADEDE9F9-8BEE-4067-9C0A-CB047C7E300D} = {436FCFF2-5FF6-467E-A59A-1D5CBBC6E9F6}
		{ED4E6B94-0497-4C8F-A6FE-FE52B553FF18} = {436FCFF2-5FF6-467E-A59A-1D5CBBC6E9F6}
		{7E0A7142-1D2B-4855-B091-571FE4EE98C8} = {436FCFF2-5FF6-467E-A59A-1D5CBBC6E9F6}
		{A3AA2229-DEBC-49B0-8338-B830B349C3D8} = {436FCFF2-5FF6-467E-A59A-1D5CBBC6E9F6}
		{CBEC8529-D12B-4A49-92B5-E072C4C58ED0} = {30709B08-BE7E-427A-B3E3-ECD2290DF4F3}
	EndGlobalSection
	GlobalSection(ProjectConfigurationPlatforms) = postSolution
		{DFE792AB-6893-427D-9961-23A60B96E528}.Debug|Any CPU.ActiveCfg = Debug|Any CPU
		{DFE792AB-6893-427D-9961-23A60B96E528}.Debug|Any CPU.Build.0 = Debug|Any CPU
		{DFE792AB-6893-427D-9961-23A60B96E528}.Release|Any CPU.ActiveCfg = Release|Any CPU
		{DFE792AB-6893-427D-9961-23A60B96E528}.Release|Any CPU.Build.0 = Release|Any CPU
		{82C269F2-568B-48F5-BB88-73606B78E908}.Debug|Any CPU.ActiveCfg = Debug|Any CPU
		{82C269F2-568B-48F5-BB88-73606B78E908}.Debug|Any CPU.Build.0 = Debug|Any CPU
		{82C269F2-568B-48F5-BB88-73606B78E908}.Release|Any CPU.ActiveCfg = Release|Any CPU
		{82C269F2-568B-48F5-BB88-73606B78E908}.Release|Any CPU.Build.0 = Release|Any CPU
		{907E0F07-0289-4D5B-8096-09D8AB00BE2B}.Debug|Any CPU.ActiveCfg = Debug|Any CPU
		{907E0F07-0289-4D5B-8096-09D8AB00BE2B}.Debug|Any CPU.Build.0 = Debug|Any CPU
		{907E0F07-0289-4D5B-8096-09D8AB00BE2B}.Release|Any CPU.ActiveCfg = Release|Any CPU
		{907E0F07-0289-4D5B-8096-09D8AB00BE2B}.Release|Any CPU.Build.0 = Release|Any CPU
		{ADEDE9F9-8BEE-4067-9C0A-CB047C7E300D}.Debug|Any CPU.ActiveCfg = Debug|Any CPU
		{ADEDE9F9-8BEE-4067-9C0A-CB047C7E300D}.Debug|Any CPU.Build.0 = Debug|Any CPU
		{ADEDE9F9-8BEE-4067-9C0A-CB047C7E300D}.Release|Any CPU.ActiveCfg = Release|Any CPU
		{ADEDE9F9-8BEE-4067-9C0A-CB047C7E300D}.Release|Any CPU.Build.0 = Release|Any CPU
		{ED4E6B94-0497-4C8F-A6FE-FE52B553FF18}.Debug|Any CPU.ActiveCfg = Debug|Any CPU
		{ED4E6B94-0497-4C8F-A6FE-FE52B553FF18}.Debug|Any CPU.Build.0 = Debug|Any CPU
		{ED4E6B94-0497-4C8F-A6FE-FE52B553FF18}.Release|Any CPU.ActiveCfg = Release|Any CPU
		{ED4E6B94-0497-4C8F-A6FE-FE52B553FF18}.Release|Any CPU.Build.0 = Release|Any CPU
		{7E0A7142-1D2B-4855-B091-571FE4EE98C8}.Debug|Any CPU.ActiveCfg = Debug|Any CPU
		{7E0A7142-1D2B-4855-B091-571FE4EE98C8}.Debug|Any CPU.Build.0 = Debug|Any CPU
		{7E0A7142-1D2B-4855-B091-571FE4EE98C8}.Release|Any CPU.ActiveCfg = Release|Any CPU
		{7E0A7142-1D2B-4855-B091-571FE4EE98C8}.Release|Any CPU.Build.0 = Release|Any CPU
		{A3AA2229-DEBC-49B0-8338-B830B349C3D8}.Debug|Any CPU.ActiveCfg = Debug|Any CPU
		{A3AA2229-DEBC-49B0-8338-B830B349C3D8}.Debug|Any CPU.Build.0 = Debug|Any CPU
		{A3AA2229-DEBC-49B0-8338-B830B349C3D8}.Release|Any CPU.ActiveCfg = Release|Any CPU
		{A3AA2229-DEBC-49B0-8338-B830B349C3D8}.Release|Any CPU.Build.0 = Release|Any CPU
		{CBEC8529-D12B-4A49-92B5-E072C4C58ED0}.Debug|Any CPU.ActiveCfg = Debug|Any CPU
		{CBEC8529-D12B-4A49-92B5-E072C4C58ED0}.Debug|Any CPU.Build.0 = Debug|Any CPU
		{CBEC8529-D12B-4A49-92B5-E072C4C58ED0}.Release|Any CPU.ActiveCfg = Release|Any CPU
		{CBEC8529-D12B-4A49-92B5-E072C4C58ED0}.Release|Any CPU.Build.0 = Release|Any CPU
	EndGlobalSection
EndGlobal
